version = 1
requires-python = ">=3.13"

[[package]]
name = "et-xmlfile"
version = "2.0.0"
source = { registry = "https://pypi.org/simple" }
sdist = { url = "https://files.pythonhosted.org/packages/d3/38/af70d7ab1ae9d4da450eeec1fa3918940a5fafb9055e934af8d6eb0c2313/et_xmlfile-2.0.0.tar.gz", hash = "sha256:dab3f4764309081ce75662649be815c4c9081e88f0837825f90fd28317d4da54", size = 17234 }
wheels = [
    { url = "https://files.pythonhosted.org/packages/c1/8b/5fe2cc11fee489817272089c4203e679c63b570a5aaeb18d852ae3cbba6a/et_xmlfile-2.0.0-py3-none-any.whl", hash = "sha256:7a91720bc756843502c3b7504c77b8fe44217c85c537d85037f0f536151b2caa", size = 18059 },
]

[[package]]
name = "numpy"
version = "2.2.1"
source = { registry = "https://pypi.org/simple" }
sdist = { url = "https://files.pythonhosted.org/packages/f2/a5/fdbf6a7871703df6160b5cf3dd774074b086d278172285c52c2758b76305/numpy-2.2.1.tar.gz", hash = "sha256:45681fd7128c8ad1c379f0ca0776a8b0c6583d2f69889ddac01559dfe4390918", size = 20227662 }
wheels = [
    { url = "https://files.pythonhosted.org/packages/20/d6/91a26e671c396e0c10e327b763485ee295f5a5a7a48c553f18417e5a0ed5/numpy-2.2.1-cp313-cp313-macosx_10_13_x86_64.whl", hash = "sha256:f1d09e520217618e76396377c81fba6f290d5f926f50c35f3a5f72b01a0da780", size = 20896464 },
    { url = "https://files.pythonhosted.org/packages/8c/40/5792ccccd91d45e87d9e00033abc4f6ca8a828467b193f711139ff1f1cd9/numpy-2.2.1-cp313-cp313-macosx_11_0_arm64.whl", hash = "sha256:3ecc47cd7f6ea0336042be87d9e7da378e5c7e9b3c8ad0f7c966f714fc10d821", size = 14111350 },
    { url = "https://files.pythonhosted.org/packages/c0/2a/fb0a27f846cb857cef0c4c92bef89f133a3a1abb4e16bba1c4dace2e9b49/numpy-2.2.1-cp313-cp313-macosx_14_0_arm64.whl", hash = "sha256:f419290bc8968a46c4933158c91a0012b7a99bb2e465d5ef5293879742f8797e", size = 5111629 },
    { url = "https://files.pythonhosted.org/packages/eb/e5/8e81bb9d84db88b047baf4e8b681a3e48d6390bc4d4e4453eca428ecbb49/numpy-2.2.1-cp313-cp313-macosx_14_0_x86_64.whl", hash = "sha256:5b6c390bfaef8c45a260554888966618328d30e72173697e5cabe6b285fb2348", size = 6645865 },
    { url = "https://files.pythonhosted.org/packages/7a/1a/a90ceb191dd2f9e2897c69dde93ccc2d57dd21ce2acbd7b0333e8eea4e8d/numpy-2.2.1-cp313-cp313-manylinux_2_17_aarch64.manylinux2014_aarch64.whl", hash = "sha256:526fc406ab991a340744aad7e25251dd47a6720a685fa3331e5c59fef5282a59", size = 14043508 },
    { url = "https://files.pythonhosted.org/packages/f1/5a/e572284c86a59dec0871a49cd4e5351e20b9c751399d5f1d79628c0542cb/numpy-2.2.1-cp313-cp313-manylinux_2_17_x86_64.manylinux2014_x86_64.whl", hash = "sha256:f74e6fdeb9a265624ec3a3918430205dff1df7e95a230779746a6af78bc615af", size = 16094100 },
    { url = "https://files.pythonhosted.org/packages/0c/2c/a79d24f364788386d85899dd280a94f30b0950be4b4a545f4fa4ed1d4ca7/numpy-2.2.1-cp313-cp313-musllinux_1_2_aarch64.whl", hash = "sha256:53c09385ff0b72ba79d8715683c1168c12e0b6e84fb0372e97553d1ea91efe51", size = 15239691 },
    { url = "https://files.pythonhosted.org/packages/cf/79/1e20fd1c9ce5a932111f964b544facc5bb9bde7865f5b42f00b4a6a9192b/numpy-2.2.1-cp313-cp313-musllinux_1_2_x86_64.whl", hash = "sha256:f3eac17d9ec51be534685ba877b6ab5edc3ab7ec95c8f163e5d7b39859524716", size = 17856571 },
    { url = "https://files.pythonhosted.org/packages/be/5b/cc155e107f75d694f562bdc84a26cc930569f3dfdfbccb3420b626065777/numpy-2.2.1-cp313-cp313-win32.whl", hash = "sha256:9ad014faa93dbb52c80d8f4d3dcf855865c876c9660cb9bd7553843dd03a4b1e", size = 6270841 },
    { url = "https://files.pythonhosted.org/packages/44/be/0e5cd009d2162e4138d79a5afb3b5d2341f0fe4777ab6e675aa3d4a42e21/numpy-2.2.1-cp313-cp313-win_amd64.whl", hash = "sha256:164a829b6aacf79ca47ba4814b130c4020b202522a93d7bff2202bfb33b61c60", size = 12606618 },
    { url = "https://files.pythonhosted.org/packages/a8/87/04ddf02dd86fb17c7485a5f87b605c4437966d53de1e3745d450343a6f56/numpy-2.2.1-cp313-cp313t-macosx_10_13_x86_64.whl", hash = "sha256:4dfda918a13cc4f81e9118dea249e192ab167a0bb1966272d5503e39234d694e", size = 20921004 },
    { url = "https://files.pythonhosted.org/packages/6e/3e/d0e9e32ab14005425d180ef950badf31b862f3839c5b927796648b11f88a/numpy-2.2.1-cp313-cp313t-macosx_11_0_arm64.whl", hash = "sha256:733585f9f4b62e9b3528dd1070ec4f52b8acf64215b60a845fa13ebd73cd0712", size = 14119910 },
    { url = "https://files.pythonhosted.org/packages/b5/5b/aa2d1905b04a8fb681e08742bb79a7bddfc160c7ce8e1ff6d5c821be0236/numpy-2.2.1-cp313-cp313t-macosx_14_0_arm64.whl", hash = "sha256:89b16a18e7bba224ce5114db863e7029803c179979e1af6ad6a6b11f70545008", size = 5153612 },
    { url = "https://files.pythonhosted.org/packages/ce/35/6831808028df0648d9b43c5df7e1051129aa0d562525bacb70019c5f5030/numpy-2.2.1-cp313-cp313t-macosx_14_0_x86_64.whl", hash = "sha256:676f4eebf6b2d430300f1f4f4c2461685f8269f94c89698d832cdf9277f30b84", size = 6668401 },
    { url = "https://files.pythonhosted.org/packages/b1/38/10ef509ad63a5946cc042f98d838daebfe7eaf45b9daaf13df2086b15ff9/numpy-2.2.1-cp313-cp313t-manylinux_2_17_aarch64.manylinux2014_aarch64.whl", hash = "sha256:27f5cdf9f493b35f7e41e8368e7d7b4bbafaf9660cba53fb21d2cd174ec09631", size = 14014198 },
    { url = "https://files.pythonhosted.org/packages/df/f8/c80968ae01df23e249ee0a4487fae55a4c0fe2f838dfe9cc907aa8aea0fa/numpy-2.2.1-cp313-cp313t-manylinux_2_17_x86_64.manylinux2014_x86_64.whl", hash = "sha256:c1ad395cf254c4fbb5b2132fee391f361a6e8c1adbd28f2cd8e79308a615fe9d", size = 16076211 },
    { url = "https://files.pythonhosted.org/packages/09/69/05c169376016a0b614b432967ac46ff14269eaffab80040ec03ae1ae8e2c/numpy-2.2.1-cp313-cp313t-musllinux_1_2_aarch64.whl", hash = "sha256:08ef779aed40dbc52729d6ffe7dd51df85796a702afbf68a4f4e41fafdc8bda5", size = 15220266 },
    { url = "https://files.pythonhosted.org/packages/f1/ff/94a4ce67ea909f41cf7ea712aebbe832dc67decad22944a1020bb398a5ee/numpy-2.2.1-cp313-cp313t-musllinux_1_2_x86_64.whl", hash = "sha256:26c9c4382b19fcfbbed3238a14abf7ff223890ea1936b8890f058e7ba35e8d71", size = 17852844 },
    { url = "https://files.pythonhosted.org/packages/46/72/8a5dbce4020dfc595592333ef2fbb0a187d084ca243b67766d29d03e0096/numpy-2.2.1-cp313-cp313t-win32.whl", hash = "sha256:93cf4e045bae74c90ca833cba583c14b62cb4ba2cba0abd2b141ab52548247e2", size = 6326007 },
    { url = "https://files.pythonhosted.org/packages/7b/9c/4fce9cf39dde2562584e4cfd351a0140240f82c0e3569ce25a250f47037d/numpy-2.2.1-cp313-cp313t-win_amd64.whl", hash = "sha256:bff7d8ec20f5f42607599f9994770fa65d76edca264a87b5e4ea5629bce12268", size = 12693107 },
]

[[package]]
name = "openpyxl"
version = "3.1.5"
source = { registry = "https://pypi.org/simple" }
dependencies = [
    { name = "et-xmlfile" },
]
sdist = { url = "https://files.pythonhosted.org/packages/3d/f9/88d94a75de065ea32619465d2f77b29a0469500e99012523b91cc4141cd1/openpyxl-3.1.5.tar.gz", hash = "sha256:cf0e3cf56142039133628b5acffe8ef0c12bc902d2aadd3e0fe5878dc08d1050", size = 186464 }
wheels = [
    { url = "https://files.pythonhosted.org/packages/c0/da/977ded879c29cbd04de313843e76868e6e13408a94ed6b987245dc7c8506/openpyxl-3.1.5-py2.py3-none-any.whl", hash = "sha256:5282c12b107bffeef825f4617dc029afaf41d0ea60823bbb665ef3079dc79de2", size = 250910 },
]

[[package]]
name = "platform-crowd-model"
version = "0.1.0"
source = { virtual = "." }
dependencies = [
    { name = "numpy" },
    { name = "openpyxl" },
]

[package.dev-dependencies]
dev = [
    { name = "ruff" },
]

[package.metadata]
requires-dist = [
    { name = "numpy", specifier = ">=2.2.1" },
    { name = "openpyxl", specifier = ">=3.1.5" },
]

[package.metadata.requires-dev]
dev = [{ name = "ruff", specifier = ">=0.9.0" }]

[[package]]
name = "ruff"
version = "0.9.0"
source = { registry = "https://pypi.org/simple" }
sdist = { url = "https://files.pythonhosted.org/packages/75/48/385f276f41e89623a5ea8e4eb9c619a44fdfc2a64849916b3584eca6cb9f/ruff-0.9.0.tar.gz", hash = "sha256:143f68fa5560ecf10fc49878b73cee3eab98b777fcf43b0e62d43d42f5ef9d8b", size = 3489167 }
wheels = [
    { url = "https://files.pythonhosted.org/packages/e9/01/e0885e5519212efc7ab9d868bc39cb9781931c4c6f9b17becafa81193ec4/ruff-0.9.0-py3-none-linux_armv6l.whl", hash = "sha256:949b3513f931741e006cf267bf89611edff04e1f012013424022add3ce78f319", size = 10647069 },
    { url = "https://files.pythonhosted.org/packages/dd/69/510a9a5781dcf84c2ad513c2003936fefc802f39c745d5f2355d77fa45fd/ruff-0.9.0-py3-none-macosx_10_12_x86_64.whl", hash = "sha256:99fbcb8c7fe94ae1e462ab2a1ef17cb20b25fb6438b9f198b1bcf5207a0a7916", size = 10401936 },
    { url = "https://files.pythonhosted.org/packages/07/9f/37fb86bfdf28c4cbfe94cbcc01fb9ab0cb8128548f243f34d5298b212562/ruff-0.9.0-py3-none-macosx_11_0_arm64.whl", hash = "sha256:0b022afd8eb0fcfce1e0adec84322abf4d6ce3cd285b3b99c4f17aae7decf749", size = 10010347 },
    { url = "https://files.pythonhosted.org/packages/30/0d/b95121f53c7f7bfb7ba427a35d25f983ed3b476620c5cd69f45caa5b294e/ruff-0.9.0-py3-none-manylinux_2_17_aarch64.manylinux2014_aarch64.whl", hash = "sha256:336567ce92c9ca8ec62780d07b5fa11fbc881dc7bb40958f93a7d621e7ab4589", size = 10882152 },
    { url = "https://files.pythonhosted.org/packages/d4/0b/a955cb6b19eb900c4c594707ab72132ce2d5cd8b5565137fb8fed21b8f08/ruff-0.9.0-py3-none-manylinux_2_17_armv7l.manylinux2014_armv7l.whl", hash = "sha256:d338336c44bda602dc8e8766836ac0441e5b0dfeac3af1bd311a97ebaf087a75", size = 10405502 },
    { url = "https://files.pythonhosted.org/packages/1e/fa/9a6c70af74f20edd2519b89eb3322f4bfa399315cf306383443700f2d6b6/ruff-0.9.0-py3-none-manylinux_2_17_i686.manylinux2014_i686.whl", hash = "sha256:d9b3ececf523d733e90b540e7afcc0494189e8999847f8855747acd5a9a8c45f", size = 11465069 },
    { url = "https://files.pythonhosted.org/packages/ee/8b/7effac8915470da496be009fe861060baff2692f92801976b2c01cdc8c54/ruff-0.9.0-py3-none-manylinux_2_17_ppc64.manylinux2014_ppc64.whl", hash = "sha256:a11c0872a31232e473e2e0e2107f3d294dbadd2f83fb281c3eb1c22a24866924", size = 12176850 },
    { url = "https://files.pythonhosted.org/packages/bd/ed/626179786889eca47b1e821c1582622ac0c1c8f01d60ac974f8b96867a57/ruff-0.9.0-py3-none-manylinux_2_17_ppc64le.manylinux2014_ppc64le.whl", hash = "sha256:b5fd06220c17a9cc0dc7fc6552f2ac4db74e8e8bff9c401d160ac59d00566f54", size = 11700963 },
    { url = "https://files.pythonhosted.org/packages/75/79/094c34ddec47fd3c61a0bc5e83ca164344c592949cff91f05961fd40922e/ruff-0.9.0-py3-none-manylinux_2_17_s390x.manylinux2014_s390x.whl", hash = "sha256:0457e775c74bf3976243f910805242b7dcd389e1d440deccbd1194ca17a5728c", size = 13096560 },
    { url = "https://files.pythonhosted.org/packages/e7/23/ec85dca0dcb329835197401734501bfa1d39e72343df64628c67b72bcbf5/ruff-0.9.0-py3-none-manylinux_2_17_x86_64.manylinux2014_x86_64.whl", hash = "sha256:05415599bbcb318f730ea1b46a39e4fbf71f6a63fdbfa1dda92efb55f19d7ecf", size = 11278658 },
    { url = "https://files.pythonhosted.org/packages/6c/17/1b3ea5f06578ea1daa08ac35f9de099d1827eea6e116a8cabbf11235c925/ruff-0.9.0-py3-none-musllinux_1_2_aarch64.whl", hash = "sha256:fbf9864b009e43cfc1c8bed1a6a4c529156913105780af4141ca4342148517f5", size = 10879847 },
    { url = "https://files.pythonhosted.org/packages/a6/e5/00bc97d6f419da03c0d898e95cca77311494e7274dc7cc17d94976e32e52/ruff-0.9.0-py3-none-musllinux_1_2_armv7l.whl", hash = "sha256:37b3da222b12e2bb2ce628e02586ab4846b1ed7f31f42a5a0683b213453b2d49", size = 10494220 },
    { url = "https://files.pythonhosted.org/packages/cc/70/d0a23d94f3e40b7ffac0e5506f33bb504672569173781a6c7cab0db6a4ba/ruff-0.9.0-py3-none-musllinux_1_2_i686.whl", hash = "sha256:733c0fcf2eb0c90055100b4ed1af9c9d87305b901a8feb6a0451fa53ed88199d", size = 11004182 },
    { url = "https://files.pythonhosted.org/packages/20/8e/367cf8e401890f823d0e4eb33635d0113719d5660b6522b7295376dd95fd/ruff-0.9.0-py3-none-musllinux_1_2_x86_64.whl", hash = "sha256:8221a454bfe5ccdf8017512fd6bb60e6ec30f9ea252b8a80e5b73619f6c3cefd", size = 11345761 },
    { url = "https://files.pythonhosted.org/packages/fe/08/4b54e02da73060ebc29368ab15868613f7d2496bde3b01d284d5423646bc/ruff-0.9.0-py3-none-win32.whl", hash = "sha256:d345f2178afd192c7991ddee59155c58145e12ad81310b509bd2e25c5b0247b3", size = 8807005 },
    { url = "https://files.pythonhosted.org/packages/a1/a7/0b422971e897c51bf805f998d75bcfe5d4d858f5002203832875fc91b733/ruff-0.9.0-py3-none-win_amd64.whl", hash = "sha256:0cbc0905d94d21305872f7f8224e30f4bbcd532bc21b2225b2446d8fc7220d19", size = 9689974 },
    { url = "https://files.pythonhosted.org/packages/73/0e/c00f66731e514be3299801b1d9d54efae0abfe8f00a5c14155f2ab9e2920/ruff-0.9.0-py3-none-win_arm64.whl", hash = "sha256:7b1148771c6ca88f820d761350a053a5794bc58e0867739ea93eb5e41ad978cd", size = 9147729 },
]
